
Microsoft Visual Studio Solution File, Format Version 12.00
# Visual Studio 14
VisualStudioVersion = 14.0.25420.1
MinimumVisualStudioVersion = 10.0.40219.1
Project("{FAE04EC0-301F-11D3-BF4B-00C04F79EFBC}") = "MatrixTest", "MatrixTest\MatrixTest.csproj", "{FBA7082C-9B81-48C9-B9B6-673D7E27EE73}"
EndProject
Global
	GlobalSection(SolutionConfigurationPlatforms) = preSolution
		Debug|Any CPU = Debug|Any CPU
		Release|Any CPU = Release|Any CPU
	EndGlobalSection
	GlobalSection(ProjectConfigurationPlatforms) = postSolution
		{FBA7082C-9B81-48C9-B9B6-673D7E27EE73}.Debug|Any CPU.ActiveCfg = Debug|Any CPU
		{FBA7082C-9B81-48C9-B9B6-673D7E27EE73}.Debug|Any CPU.Build.0 = Debug|Any CPU
		{FBA7082C-9B81-48C9-B9B6-673D7E27EE73}.Release|Any CPU.ActiveCfg = Release|Any CPU
		{FBA7082C-9B81-48C9-B9B6-673D7E27EE73}.Release|Any CPU.Build.0 = Release|Any CPU
	EndGlobalSection
	GlobalSection(SolutionProperties) = preSolution
		HideSolutionNode = FALSE
	EndGlobalSection
EndGlobal
